
Microsoft Visual Studio Solution File, Format Version 12.00
# Visual Studio Version 16
VisualStudioVersion = 25.0.1706.4
MinimumVisualStudioVersion = 10.0.40219.1
Project("{FAE04EC0-301F-11D3-BF4B-00C04F79EFBC}") = "GestionHerramientas", "GestionHerramientas.csproj", "{99557875-FCB1-4F6C-8A5D-7A0E7981AEA0}"
EndProject
Global
	GlobalSection(SolutionConfigurationPlatforms) = preSolution
		Debug|Any CPU = Debug|Any CPU
		Release|Any CPU = Release|Any CPU
	EndGlobalSection
	GlobalSection(ProjectConfigurationPlatforms) = postSolution
		{99557875-FCB1-4F6C-8A5D-7A0E7981AEA0}.Debug|Any CPU.ActiveCfg = Debug|Any CPU
		{99557875-FCB1-4F6C-8A5D-7A0E7981AEA0}.Debug|Any CPU.Build.0 = Debug|Any CPU
		{99557875-FCB1-4F6C-8A5D-7A0E7981AEA0}.Release|Any CPU.ActiveCfg = Release|Any CPU
		{99557875-FCB1-4F6C-8A5D-7A0E7981AEA0}.Release|Any CPU.Build.0 = Release|Any CPU
	EndGlobalSection
	GlobalSection(SolutionProperties) = preSolution
		HideSolutionNode = FALSE
	EndGlobalSection
	GlobalSection(ExtensibilityGlobals) = postSolution
		SolutionGuid = {5B2FDA26-FC4D-40AE-BA0A-5495AB39484D}
	EndGlobalSection
EndGlobal
